[[package]]
name = "sh"
version = "1.14.1"
description = "Python subprocess replacement"
category = "main"
optional = false
python-versions = "*"

[metadata]
lock-version = "1.1"
python-versions = "^3.8"
content-hash = "399eb33faac430043d01158f045803969da5fd22535adbee753e9002ddd2fa9d"

[metadata.files]
sh = [
    {file = "sh-1.14.1-py2.py3-none-any.whl", hash = "sha256:75e86a836f47de095d4531718fe8489e6f7446c75ddfa5596f632727b919ffae"},
    {file = "sh-1.14.1.tar.gz", hash = "sha256:39aa9af22f6558a0c5d132881cf43e34828ca03e4ae11114852ca6a55c7c1d8e"},
]
